// !$*UTF8*$!
{
	archiveVersion = 1;
	classes = {
	};
	objectVersion = 46;
	objects = {

/* Begin PBXBuildFile section */
		DB110EC41B8F19DF005F1298 /* main.m in Sources */ = {isa = PBXBuildFile; fileRef = DB110EC31B8F19DF005F1298 /* main.m */; };
		DB110EC71B8F19DF005F1298 /* AppDelegate.m in Sources */ = {isa = PBXBuildFile; fileRef = DB110EC61B8F19DF005F1298 /* AppDelegate.m */; };
		DB110ECA1B8F19DF005F1298 /* ScanViewController.m in Sources */ = {isa = PBXBuildFile; fileRef = DB110EC91B8F19DF005F1298 /* ScanViewController.m */; };
		DB110ECD1B8F19DF005F1298 /* Main.storyboard in Resources */ = {isa = PBXBuildFile; fileRef = DB110ECB1B8F19DF005F1298 /* Main.storyboard */; };
		DB110ECF1B8F19DF005F1298 /* Images.xcassets in Resources */ = {isa = PBXBuildFile; fileRef = DB110ECE1B8F19DF005F1298 /* Images.xcassets */; };
		DB110ED21B8F19DF005F1298 /* LaunchScreen.xib in Resources */ = {isa = PBXBuildFile; fileRef = DB110ED01B8F19DF005F1298 /* LaunchScreen.xib */; };
		DB110EDE1B8F19DF005F1298 /* KadjarTests.m in Sources */ = {isa = PBXBuildFile; fileRef = DB110EDD1B8F19DF005F1298 /* KadjarTests.m */; };
		DB110EE81B8F1A32005F1298 /* libsqlite3.dylib in Frameworks */ = {isa = PBXBuildFile; fileRef = DB110EE71B8F1A32005F1298 /* libsqlite3.dylib */; };
		DB110EEA1B8F1A3C005F1298 /* Foundation.framework in Frameworks */ = {isa = PBXBuildFile; fileRef = DB110EE91B8F1A3C005F1298 /* Foundation.framework */; };
		DB110EEC1B8F1A74005F1298 /* UIKit.framework in Frameworks */ = {isa = PBXBuildFile; fileRef = DB110EEB1B8F1A74005F1298 /* UIKit.framework */; };
		DB110EEE1B8F1A88005F1298 /* CoreGraphics.framework in Frameworks */ = {isa = PBXBuildFile; fileRef = DB110EED1B8F1A88005F1298 /* CoreGraphics.framework */; };
		DB110EF61B8F1AE4005F1298 /* FormViewController.m in Sources */ = {isa = PBXBuildFile; fileRef = DB110EF01B8F1AE4005F1298 /* FormViewController.m */; };
		DB110EF71B8F1AE4005F1298 /* clientInfoDB.sql in Resources */ = {isa = PBXBuildFile; fileRef = DB110EF11B8F1AE4005F1298 /* clientInfoDB.sql */; };
		DB110EF81B8F1AE4005F1298 /* DBManager.m in Sources */ = {isa = PBXBuildFile; fileRef = DB110EF31B8F1AE4005F1298 /* DBManager.m */; };
		DB110EF91B8F1AE4005F1298 /* DismissSegue.m in Sources */ = {isa = PBXBuildFile; fileRef = DB110EF51B8F1AE4005F1298 /* DismissSegue.m */; };
		DB110EFC1B8F1B34005F1298 /* StartViewController.m in Sources */ = {isa = PBXBuildFile; fileRef = DB110EFB1B8F1B34005F1298 /* StartViewController.m */; };
		DB110F041B8F4226005F1298 /* beep.mp3 in Resources */ = {isa = PBXBuildFile; fileRef = DB110F031B8F4226005F1298 /* beep.mp3 */; };
		DB110F061B8F580B005F1298 /* ECRAN3BD.mov in Resources */ = {isa = PBXBuildFile; fileRef = DB110F051B8F580B005F1298 /* ECRAN3BD.mov */; };
		DB25D8DB1B9839E90046E86B /* EmailTableViewCell.m in Sources */ = {isa = PBXBuildFile; fileRef = DB25D8DA1B9839E90046E86B /* EmailTableViewCell.m */; };
		DB25D8DE1B984F180046E86B /* GameStartViewController.m in Sources */ = {isa = PBXBuildFile; fileRef = DB25D8DD1B984F180046E86B /* GameStartViewController.m */; };
		DB69CF961B97335D0009CC24 /* montage-lose.mp3 in Resources */ = {isa = PBXBuildFile; fileRef = DB69CF951B97335D0009CC24 /* montage-lose.mp3 */; };
		DB69CF991B977FAD0009CC24 /* SettingsTableViewController.m in Sources */ = {isa = PBXBuildFile; fileRef = DB69CF981B977FAD0009CC24 /* SettingsTableViewController.m */; };
		DB69CF9C1B9799610009CC24 /* PrizesTableViewController.m in Sources */ = {isa = PBXBuildFile; fileRef = DB69CF9B1B9799610009CC24 /* PrizesTableViewController.m */; };
		DB69CF9F1B980A2A0009CC24 /* PrizeTableViewCell.m in Sources */ = {isa = PBXBuildFile; fileRef = DB69CF9E1B980A2A0009CC24 /* PrizeTableViewCell.m */; };
		DB7121631B989AC20058409F /* DBRecordClient.m in Sources */ = {isa = PBXBuildFile; fileRef = DB7121621B989AC20058409F /* DBRecordClient.m */; };
		DB76F2FA1B9461AD00A3927B /* GameViewController.m in Sources */ = {isa = PBXBuildFile; fileRef = DB76F2F91B9461AD00A3927B /* GameViewController.m */; };
		DB76F2FD1B947E0300A3927B /* StepViewController.m in Sources */ = {isa = PBXBuildFile; fileRef = DB76F2FC1B947E0300A3927B /* StepViewController.m */; };
		DB76F2FF1B950AB000A3927B /* StartScanViewController.m in Sources */ = {isa = PBXBuildFile; fileRef = DB76F2FE1B950AB000A3927B /* StartScanViewController.m */; };
		DB76F3021B95BC0500A3927B /* ECRAN3BD-audio.mov in Resources */ = {isa = PBXBuildFile; fileRef = DB76F3011B95BC0500A3927B /* ECRAN3BD-audio.mov */; };
		DB76F3071B95C55300A3927B /* montage-win.mp3 in Resources */ = {isa = PBXBuildFile; fileRef = DB76F3061B95C55300A3927B /* montage-win.mp3 */; };
		DBEE06901B8F77950086ECB5 /* MediaPlayerViewController.m in Sources */ = {isa = PBXBuildFile; fileRef = DBEE068F1B8F77950086ECB5 /* MediaPlayerViewController.m */; };
		DBF384A21B8F5FC200E412DB /* AVFoundation.framework in Frameworks */ = {isa = PBXBuildFile; fileRef = DBF384A11B8F5FC200E412DB /* AVFoundation.framework */; };
		DBF384A41B8F5FCC00E412DB /* AVKit.framework in Frameworks */ = {isa = PBXBuildFile; fileRef = DBF384A31B8F5FCC00E412DB /* AVKit.framework */; };
/* End PBXBuildFile section */

/* Begin PBXContainerItemProxy section */
		DB110ED81B8F19DF005F1298 /* PBXContainerItemProxy */ = {
			isa = PBXContainerItemProxy;
			containerPortal = DB110EB61B8F19DE005F1298 /* Project object */;
			proxyType = 1;
			remoteGlobalIDString = DB110EBD1B8F19DE005F1298;
			remoteInfo = Kadjar;
		};
/* End PBXContainerItemProxy section */

/* Begin PBXFileReference section */
		DB110EBE1B8F19DE005F1298 /* Kadjar.app */ = {isa = PBXFileReference; explicitFileType = wrapper.application; includeInIndex = 0; path = Kadjar.app; sourceTree = BUILT_PRODUCTS_DIR; };
		DB110EC21B8F19DE005F1298 /* Info.plist */ = {isa = PBXFileReference; lastKnownFileType = text.plist.xml; path = Info.plist; sourceTree = "<group>"; };
		DB110EC31B8F19DF005F1298 /* main.m */ = {isa = PBXFileReference; lastKnownFileType = sourcecode.c.objc; path = main.m; sourceTree = "<group>"; };
		DB110EC51B8F19DF005F1298 /* AppDelegate.h */ = {isa = PBXFileReference; lastKnownFileType = sourcecode.c.h; path = AppDelegate.h; sourceTree = "<group>"; };
		DB110EC61B8F19DF005F1298 /* AppDelegate.m */ = {isa = PBXFileReference; lastKnownFileType = sourcecode.c.objc; path = AppDelegate.m; sourceTree = "<group>"; };
		DB110EC81B8F19DF005F1298 /* ScanViewController.h */ = {isa = PBXFileReference; lastKnownFileType = sourcecode.c.h; path = ScanViewController.h; sourceTree = "<group>"; };
		DB110EC91B8F19DF005F1298 /* ScanViewController.m */ = {isa = PBXFileReference; lastKnownFileType = sourcecode.c.objc; path = ScanViewController.m; sourceTree = "<group>"; };
		DB110ECC1B8F19DF005F1298 /* Base */ = {isa = PBXFileReference; lastKnownFileType = file.storyboard; name = Base; path = Base.lproj/Main.storyboard; sourceTree = "<group>"; };
		DB110ECE1B8F19DF005F1298 /* Images.xcassets */ = {isa = PBXFileReference; lastKnownFileType = folder.assetcatalog; path = Images.xcassets; sourceTree = "<group>"; };
		DB110ED11B8F19DF005F1298 /* Base */ = {isa = PBXFileReference; lastKnownFileType = file.xib; name = Base; path = Base.lproj/LaunchScreen.xib; sourceTree = "<group>"; };
		DB110ED71B8F19DF005F1298 /* KadjarTests.xctest */ = {isa = PBXFileReference; explicitFileType = wrapper.cfbundle; includeInIndex = 0; path = KadjarTests.xctest; sourceTree = BUILT_PRODUCTS_DIR; };
		DB110EDC1B8F19DF005F1298 /* Info.plist */ = {isa = PBXFileReference; lastKnownFileType = text.plist.xml; path = Info.plist; sourceTree = "<group>"; };
		DB110EDD1B8F19DF005F1298 /* KadjarTests.m */ = {isa = PBXFileReference; lastKnownFileType = sourcecode.c.objc; path = KadjarTests.m; sourceTree = "<group>"; };
		DB110EE71B8F1A32005F1298 /* libsqlite3.dylib */ = {isa = PBXFileReference; lastKnownFileType = "compiled.mach-o.dylib"; name = libsqlite3.dylib; path = usr/lib/libsqlite3.dylib; sourceTree = SDKROOT; };
		DB110EE91B8F1A3C005F1298 /* Foundation.framework */ = {isa = PBXFileReference; lastKnownFileType = wrapper.framework; name = Foundation.framework; path = System/Library/Frameworks/Foundation.framework; sourceTree = SDKROOT; };
		DB110EEB1B8F1A74005F1298 /* UIKit.framework */ = {isa = PBXFileReference; lastKnownFileType = wrapper.framework; name = UIKit.framework; path = System/Library/Frameworks/UIKit.framework; sourceTree = SDKROOT; };
		DB110EED1B8F1A88005F1298 /* CoreGraphics.framework */ = {isa = PBXFileReference; lastKnownFileType = wrapper.framework; name = CoreGraphics.framework; path = System/Library/Frameworks/CoreGraphics.framework; sourceTree = SDKROOT; };
		DB110EEF1B8F1AE4005F1298 /* FormViewController.h */ = {isa = PBXFileReference; fileEncoding = 4; lastKnownFileType = sourcecode.c.h; path = FormViewController.h; sourceTree = "<group>"; };
		DB110EF01B8F1AE4005F1298 /* FormViewController.m */ = {isa = PBXFileReference; fileEncoding = 4; lastKnownFileType = sourcecode.c.objc; path = FormViewController.m; sourceTree = "<group>"; };
		DB110EF11B8F1AE4005F1298 /* clientInfoDB.sql */ = {isa = PBXFileReference; lastKnownFileType = file; path = clientInfoDB.sql; sourceTree = "<group>"; };
		DB110EF21B8F1AE4005F1298 /* DBManager.h */ = {isa = PBXFileReference; fileEncoding = 4; lastKnownFileType = sourcecode.c.h; path = DBManager.h; sourceTree = "<group>"; };
		DB110EF31B8F1AE4005F1298 /* DBManager.m */ = {isa = PBXFileReference; fileEncoding = 4; lastKnownFileType = sourcecode.c.objc; path = DBManager.m; sourceTree = "<group>"; };
		DB110EF41B8F1AE4005F1298 /* DismissSegue.h */ = {isa = PBXFileReference; fileEncoding = 4; lastKnownFileType = sourcecode.c.h; path = DismissSegue.h; sourceTree = "<group>"; };
		DB110EF51B8F1AE4005F1298 /* DismissSegue.m */ = {isa = PBXFileReference; fileEncoding = 4; lastKnownFileType = sourcecode.c.objc; path = DismissSegue.m; sourceTree = "<group>"; };
		DB110EFA1B8F1B34005F1298 /* StartViewController.h */ = {isa = PBXFileReference; fileEncoding = 4; lastKnownFileType = sourcecode.c.h; path = StartViewController.h; sourceTree = "<group>"; };
		DB110EFB1B8F1B34005F1298 /* StartViewController.m */ = {isa = PBXFileReference; fileEncoding = 4; lastKnownFileType = sourcecode.c.objc; path = StartViewController.m; sourceTree = "<group>"; };
		DB110F031B8F4226005F1298 /* beep.mp3 */ = {isa = PBXFileReference; lastKnownFileType = audio.mp3; path = beep.mp3; sourceTree = "<group>"; };
		DB110F051B8F580B005F1298 /* ECRAN3BD.mov */ = {isa = PBXFileReference; lastKnownFileType = video.quicktime; path = ECRAN3BD.mov; sourceTree = "<group>"; };
		DB25D8D91B9839E90046E86B /* EmailTableViewCell.h */ = {isa = PBXFileReference; fileEncoding = 4; lastKnownFileType = sourcecode.c.h; path = EmailTableViewCell.h; sourceTree = "<group>"; };
		DB25D8DA1B9839E90046E86B /* EmailTableViewCell.m */ = {isa = PBXFileReference; fileEncoding = 4; lastKnownFileType = sourcecode.c.objc; path = EmailTableViewCell.m; sourceTree = "<group>"; };
		DB25D8DC1B984F180046E86B /* GameStartViewController.h */ = {isa = PBXFileReference; fileEncoding = 4; lastKnownFileType = sourcecode.c.h; path = GameStartViewController.h; sourceTree = "<group>"; };
		DB25D8DD1B984F180046E86B /* GameStartViewController.m */ = {isa = PBXFileReference; fileEncoding = 4; lastKnownFileType = sourcecode.c.objc; path = GameStartViewController.m; sourceTree = "<group>"; };
		DB69CF951B97335D0009CC24 /* montage-lose.mp3 */ = {isa = PBXFileReference; lastKnownFileType = audio.mp3; path = "montage-lose.mp3"; sourceTree = "<group>"; };
		DB69CF971B977FAD0009CC24 /* SettingsTableViewController.h */ = {isa = PBXFileReference; fileEncoding = 4; lastKnownFileType = sourcecode.c.h; path = SettingsTableViewController.h; sourceTree = "<group>"; };
		DB69CF981B977FAD0009CC24 /* SettingsTableViewController.m */ = {isa = PBXFileReference; fileEncoding = 4; lastKnownFileType = sourcecode.c.objc; path = SettingsTableViewController.m; sourceTree = "<group>"; };
		DB69CF9A1B9799610009CC24 /* PrizesTableViewController.h */ = {isa = PBXFileReference; fileEncoding = 4; lastKnownFileType = sourcecode.c.h; path = PrizesTableViewController.h; sourceTree = "<group>"; };
		DB69CF9B1B9799610009CC24 /* PrizesTableViewController.m */ = {isa = PBXFileReference; fileEncoding = 4; lastKnownFileType = sourcecode.c.objc; path = PrizesTableViewController.m; sourceTree = "<group>"; };
		DB69CF9D1B980A2A0009CC24 /* PrizeTableViewCell.h */ = {isa = PBXFileReference; fileEncoding = 4; lastKnownFileType = sourcecode.c.h; path = PrizeTableViewCell.h; sourceTree = "<group>"; };
		DB69CF9E1B980A2A0009CC24 /* PrizeTableViewCell.m */ = {isa = PBXFileReference; fileEncoding = 4; lastKnownFileType = sourcecode.c.objc; path = PrizeTableViewCell.m; sourceTree = "<group>"; };
		DB7121611B989AC20058409F /* DBRecordClient.h */ = {isa = PBXFileReference; fileEncoding = 4; lastKnownFileType = sourcecode.c.h; path = DBRecordClient.h; sourceTree = "<group>"; };
		DB7121621B989AC20058409F /* DBRecordClient.m */ = {isa = PBXFileReference; fileEncoding = 4; lastKnownFileType = sourcecode.c.objc; path = DBRecordClient.m; sourceTree = "<group>"; };
		DB76F2F81B9461AD00A3927B /* GameViewController.h */ = {isa = PBXFileReference; fileEncoding = 4; lastKnownFileType = sourcecode.c.h; path = GameViewController.h; sourceTree = "<group>"; };
		DB76F2F91B9461AD00A3927B /* GameViewController.m */ = {isa = PBXFileReference; fileEncoding = 4; lastKnownFileType = sourcecode.c.objc; path = GameViewController.m; sourceTree = "<group>"; };
		DB76F2FB1B947E0300A3927B /* StepViewController.h */ = {isa = PBXFileReference; fileEncoding = 4; lastKnownFileType = sourcecode.c.h; path = StepViewController.h; sourceTree = "<group>"; };
		DB76F2FC1B947E0300A3927B /* StepViewController.m */ = {isa = PBXFileReference; fileEncoding = 4; lastKnownFileType = sourcecode.c.objc; path = StepViewController.m; sourceTree = "<group>"; };
		DB76F2FE1B950AB000A3927B /* StartScanViewController.m */ = {isa = PBXFileReference; fileEncoding = 4; lastKnownFileType = sourcecode.c.objc; path = StartScanViewController.m; sourceTree = "<group>"; };
		DB76F3001B950AC400A3927B /* StartScanViewController.h */ = {isa = PBXFileReference; fileEncoding = 4; lastKnownFileType = sourcecode.c.h; path = StartScanViewController.h; sourceTree = "<group>"; };
		DB76F3011B95BC0500A3927B /* ECRAN3BD-audio.mov */ = {isa = PBXFileReference; lastKnownFileType = video.quicktime; path = "ECRAN3BD-audio.mov"; sourceTree = "<group>"; };
		DB76F3061B95C55300A3927B /* montage-win.mp3 */ = {isa = PBXFileReference; lastKnownFileType = audio.mp3; path = "montage-win.mp3"; sourceTree = "<group>"; };
		DBEE068E1B8F77950086ECB5 /* MediaPlayerViewController.h */ = {isa = PBXFileReference; fileEncoding = 4; lastKnownFileType = sourcecode.c.h; path = MediaPlayerViewController.h; sourceTree = "<group>"; };
		DBEE068F1B8F77950086ECB5 /* MediaPlayerViewController.m */ = {isa = PBXFileReference; fileEncoding = 4; lastKnownFileType = sourcecode.c.objc; path = MediaPlayerViewController.m; sourceTree = "<group>"; };
		DBF384A11B8F5FC200E412DB /* AVFoundation.framework */ = {isa = PBXFileReference; lastKnownFileType = wrapper.framework; name = AVFoundation.framework; path = System/Library/Frameworks/AVFoundation.framework; sourceTree = SDKROOT; };
		DBF384A31B8F5FCC00E412DB /* AVKit.framework */ = {isa = PBXFileReference; lastKnownFileType = wrapper.framework; name = AVKit.framework; path = System/Library/Frameworks/AVKit.framework; sourceTree = SDKROOT; };
/* End PBXFileReference section */

/* Begin PBXFrameworksBuildPhase section */
		DB110EBB1B8F19DE005F1298 /* Frameworks */ = {
			isa = PBXFrameworksBuildPhase;
			buildActionMask = 2147483647;
			files = (
				DBF384A41B8F5FCC00E412DB /* AVKit.framework in Frameworks */,
				DBF384A21B8F5FC200E412DB /* AVFoundation.framework in Frameworks */,
				DB110EEE1B8F1A88005F1298 /* CoreGraphics.framework in Frameworks */,
				DB110EEC1B8F1A74005F1298 /* UIKit.framework in Frameworks */,
				DB110EEA1B8F1A3C005F1298 /* Foundation.framework in Frameworks */,
				DB110EE81B8F1A32005F1298 /* libsqlite3.dylib in Frameworks */,
			);
			runOnlyForDeploymentPostprocessing = 0;
		};
		DB110ED41B8F19DF005F1298 /* Frameworks */ = {
			isa = PBXFrameworksBuildPhase;
			buildActionMask = 2147483647;
			files = (
			);
			runOnlyForDeploymentPostprocessing = 0;
		};
/* End PBXFrameworksBuildPhase section */

/* Begin PBXGroup section */
		DB110EB51B8F19DE005F1298 = {
			isa = PBXGroup;
			children = (
				DBF384A31B8F5FCC00E412DB /* AVKit.framework */,
				DBF384A11B8F5FC200E412DB /* AVFoundation.framework */,
				DB110EC01B8F19DE005F1298 /* Kadjar */,
				DB110EDA1B8F19DF005F1298 /* KadjarTests */,
				DB110EBF1B8F19DE005F1298 /* Products */,
			);
			sourceTree = "<group>";
		};
		DB110EBF1B8F19DE005F1298 /* Products */ = {
			isa = PBXGroup;
			children = (
				DB110EBE1B8F19DE005F1298 /* Kadjar.app */,
				DB110ED71B8F19DF005F1298 /* KadjarTests.xctest */,
			);
			name = Products;
			sourceTree = "<group>";
		};
		DB110EC01B8F19DE005F1298 /* Kadjar */ = {
			isa = PBXGroup;
			children = (
				DB110EF11B8F1AE4005F1298 /* clientInfoDB.sql */,
				DB110EF21B8F1AE4005F1298 /* DBManager.h */,
				DB110EF31B8F1AE4005F1298 /* DBManager.m */,
				DB110EF41B8F1AE4005F1298 /* DismissSegue.h */,
				DB110EF51B8F1AE4005F1298 /* DismissSegue.m */,
				DB110EC51B8F19DF005F1298 /* AppDelegate.h */,
				DB110EC61B8F19DF005F1298 /* AppDelegate.m */,
				DB110EFA1B8F1B34005F1298 /* StartViewController.h */,
				DB110EFB1B8F1B34005F1298 /* StartViewController.m */,
				DB76F3001B950AC400A3927B /* StartScanViewController.h */,
				DB76F2FE1B950AB000A3927B /* StartScanViewController.m */,
				DB110EC81B8F19DF005F1298 /* ScanViewController.h */,
				DB110EC91B8F19DF005F1298 /* ScanViewController.m */,
				DBEE068E1B8F77950086ECB5 /* MediaPlayerViewController.h */,
				DBEE068F1B8F77950086ECB5 /* MediaPlayerViewController.m */,
				DB76F2F81B9461AD00A3927B /* GameViewController.h */,
				DB76F2F91B9461AD00A3927B /* GameViewController.m */,
				DB110EEF1B8F1AE4005F1298 /* FormViewController.h */,
				DB110EF01B8F1AE4005F1298 /* FormViewController.m */,
				DB76F2FB1B947E0300A3927B /* StepViewController.h */,
				DB76F2FC1B947E0300A3927B /* StepViewController.m */,
				DB110ECB1B8F19DF005F1298 /* Main.storyboard */,
				DB110ECE1B8F19DF005F1298 /* Images.xcassets */,
				DB110F051B8F580B005F1298 /* ECRAN3BD.mov */,
				DB76F3011B95BC0500A3927B /* ECRAN3BD-audio.mov */,
				DB76F3061B95C55300A3927B /* montage-win.mp3 */,
				DB69CF951B97335D0009CC24 /* montage-lose.mp3 */,
				DB110F031B8F4226005F1298 /* beep.mp3 */,
				DB110ED01B8F19DF005F1298 /* LaunchScreen.xib */,
				DB110EC11B8F19DE005F1298 /* Supporting Files */,
				DB69CF971B977FAD0009CC24 /* SettingsTableViewController.h */,
				DB69CF981B977FAD0009CC24 /* SettingsTableViewController.m */,
				DB69CF9A1B9799610009CC24 /* PrizesTableViewController.h */,
				DB69CF9B1B9799610009CC24 /* PrizesTableViewController.m */,
				DB69CF9D1B980A2A0009CC24 /* PrizeTableViewCell.h */,
				DB69CF9E1B980A2A0009CC24 /* PrizeTableViewCell.m */,
				DB25D8D91B9839E90046E86B /* EmailTableViewCell.h */,
				DB25D8DA1B9839E90046E86B /* EmailTableViewCell.m */,
				DB25D8DC1B984F180046E86B /* GameStartViewController.h */,
				DB25D8DD1B984F180046E86B /* GameStartViewController.m */,
				DB7121611B989AC20058409F /* DBRecordClient.h */,
				DB7121621B989AC20058409F /* DBRecordClient.m */,
			);
			path = Kadjar;
			sourceTree = "<group>";
		};
		DB110EC11B8F19DE005F1298 /* Supporting Files */ = {
			isa = PBXGroup;
			children = (
				DB110EED1B8F1A88005F1298 /* CoreGraphics.framework */,
				DB110EEB1B8F1A74005F1298 /* UIKit.framework */,
				DB110EE91B8F1A3C005F1298 /* Foundation.framework */,
				DB110EE71B8F1A32005F1298 /* libsqlite3.dylib */,
				DB110EC21B8F19DE005F1298 /* Info.plist */,
				DB110EC31B8F19DF005F1298 /* main.m */,
			);
			name = "Supporting Files";
			sourceTree = "<group>";
		};
		DB110EDA1B8F19DF005F1298 /* KadjarTests */ = {
			isa = PBXGroup;
			children = (
				DB110EDD1B8F19DF005F1298 /* KadjarTests.m */,
				DB110EDB1B8F19DF005F1298 /* Supporting Files */,
			);
			path = KadjarTests;
			sourceTree = "<group>";
		};
		DB110EDB1B8F19DF005F1298 /* Supporting Files */ = {
			isa = PBXGroup;
			children = (
				DB110EDC1B8F19DF005F1298 /* Info.plist */,
			);
			name = "Supporting Files";
			sourceTree = "<group>";
		};
/* End PBXGroup section */

/* Begin PBXNativeTarget section */
		DB110EBD1B8F19DE005F1298 /* Kadjar */ = {
			isa = PBXNativeTarget;
			buildConfigurationList = DB110EE11B8F19DF005F1298 /* Build configuration list for PBXNativeTarget "Kadjar" */;
			buildPhases = (
				DB110EBA1B8F19DE005F1298 /* Sources */,
				DB110EBB1B8F19DE005F1298 /* Frameworks */,
				DB110EBC1B8F19DE005F1298 /* Resources */,
			);
			buildRules = (
			);
			dependencies = (
			);
			name = Kadjar;
			productName = Kadjar;
			productReference = DB110EBE1B8F19DE005F1298 /* Kadjar.app */;
			productType = "com.apple.product-type.application";
		};
		DB110ED61B8F19DF005F1298 /* KadjarTests */ = {
			isa = PBXNativeTarget;
			buildConfigurationList = DB110EE41B8F19DF005F1298 /* Build configuration list for PBXNativeTarget "KadjarTests" */;
			buildPhases = (
				DB110ED31B8F19DF005F1298 /* Sources */,
				DB110ED41B8F19DF005F1298 /* Frameworks */,
				DB110ED51B8F19DF005F1298 /* Resources */,
			);
			buildRules = (
			);
			dependencies = (
				DB110ED91B8F19DF005F1298 /* PBXTargetDependency */,
			);
			name = KadjarTests;
			productName = KadjarTests;
			productReference = DB110ED71B8F19DF005F1298 /* KadjarTests.xctest */;
			productType = "com.apple.product-type.bundle.unit-test";
		};
/* End PBXNativeTarget section */

/* Begin PBXProject section */
		DB110EB61B8F19DE005F1298 /* Project object */ = {
			isa = PBXProject;
			attributes = {
				LastUpgradeCheck = 0640;
				ORGANIZATIONNAME = "c-bleu";
				TargetAttributes = {
					DB110EBD1B8F19DE005F1298 = {
						CreatedOnToolsVersion = 6.4;
						DevelopmentTeam = 7XP7M76727;
					};
					DB110ED61B8F19DF005F1298 = {
						CreatedOnToolsVersion = 6.4;
						TestTargetID = DB110EBD1B8F19DE005F1298;
					};
				};
			};
			buildConfigurationList = DB110EB91B8F19DE005F1298 /* Build configuration list for PBXProject "Kadjar" */;
			compatibilityVersion = "Xcode 3.2";
			developmentRegion = English;
			hasScannedForEncodings = 0;
			knownRegions = (
				en,
				Base,
			);
			mainGroup = DB110EB51B8F19DE005F1298;
			productRefGroup = DB110EBF1B8F19DE005F1298 /* Products */;
			projectDirPath = "";
			projectRoot = "";
			targets = (
				DB110EBD1B8F19DE005F1298 /* Kadjar */,
				DB110ED61B8F19DF005F1298 /* KadjarTests */,
			);
		};
/* End PBXProject section */

/* Begin PBXResourcesBuildPhase section */
		DB110EBC1B8F19DE005F1298 /* Resources */ = {
			isa = PBXResourcesBuildPhase;
			buildActionMask = 2147483647;
			files = (
				DB110ECD1B8F19DF005F1298 /* Main.storyboard in Resources */,
				DB110F041B8F4226005F1298 /* beep.mp3 in Resources */,
				DB69CF961B97335D0009CC24 /* montage-lose.mp3 in Resources */,
				DB110F061B8F580B005F1298 /* ECRAN3BD.mov in Resources */,
				DB76F3071B95C55300A3927B /* montage-win.mp3 in Resources */,
				DB110ED21B8F19DF005F1298 /* LaunchScreen.xib in Resources */,
				DB110ECF1B8F19DF005F1298 /* Images.xcassets in Resources */,
				DB110EF71B8F1AE4005F1298 /* clientInfoDB.sql in Resources */,
				DB76F3021B95BC0500A3927B /* ECRAN3BD-audio.mov in Resources */,
			);
			runOnlyForDeploymentPostprocessing = 0;
		};
		DB110ED51B8F19DF005F1298 /* Resources */ = {
			isa = PBXResourcesBuildPhase;
			buildActionMask = 2147483647;
			files = (
			);
			runOnlyForDeploymentPostprocessing = 0;
		};
/* End PBXResourcesBuildPhase section */

/* Begin PBXSourcesBuildPhase section */
		DB110EBA1B8F19DE005F1298 /* Sources */ = {
			isa = PBXSourcesBuildPhase;
			buildActionMask = 2147483647;
			files = (
				DB69CF9F1B980A2A0009CC24 /* PrizeTableViewCell.m in Sources */,
				DB76F2FD1B947E0300A3927B /* StepViewController.m in Sources */,
				DB7121631B989AC20058409F /* DBRecordClient.m in Sources */,
				DB25D8DB1B9839E90046E86B /* EmailTableViewCell.m in Sources */,
				DB110ECA1B8F19DF005F1298 /* ScanViewController.m in Sources */,
				DB110EFC1B8F1B34005F1298 /* StartViewController.m in Sources */,
				DB110EC71B8F19DF005F1298 /* AppDelegate.m in Sources */,
				DB69CF9C1B9799610009CC24 /* PrizesTableViewController.m in Sources */,
				DB76F2FF1B950AB000A3927B /* StartScanViewController.m in Sources */,
				DBEE06901B8F77950086ECB5 /* MediaPlayerViewController.m in Sources */,
				DB69CF991B977FAD0009CC24 /* SettingsTableViewController.m in Sources */,
				DB76F2FA1B9461AD00A3927B /* GameViewController.m in Sources */,
				DB25D8DE1B984F180046E86B /* GameStartViewController.m in Sources */,
				DB110EF61B8F1AE4005F1298 /* FormViewController.m in Sources */,
				DB110EC41B8F19DF005F1298 /* main.m in Sources */,
				DB110EF91B8F1AE4005F1298 /* DismissSegue.m in Sources */,
				DB110EF81B8F1AE4005F1298 /* DBManager.m in Sources */,
			);
			runOnlyForDeploymentPostprocessing = 0;
		};
		DB110ED31B8F19DF005F1298 /* Sources */ = {
			isa = PBXSourcesBuildPhase;
			buildActionMask = 2147483647;
			files = (
				DB110EDE1B8F19DF005F1298 /* KadjarTests.m in Sources */,
			);
			runOnlyForDeploymentPostprocessing = 0;
		};
/* End PBXSourcesBuildPhase section */

/* Begin PBXTargetDependency section */
		DB110ED91B8F19DF005F1298 /* PBXTargetDependency */ = {
			isa = PBXTargetDependency;
			target = DB110EBD1B8F19DE005F1298 /* Kadjar */;
			targetProxy = DB110ED81B8F19DF005F1298 /* PBXContainerItemProxy */;
		};
/* End PBXTargetDependency section */

/* Begin PBXVariantGroup section */
		DB110ECB1B8F19DF005F1298 /* Main.storyboard */ = {
			isa = PBXVariantGroup;
			children = (
				DB110ECC1B8F19DF005F1298 /* Base */,
			);
			name = Main.storyboard;
			sourceTree = "<group>";
		};
		DB110ED01B8F19DF005F1298 /* LaunchScreen.xib */ = {
			isa = PBXVariantGroup;
			children = (
				DB110ED11B8F19DF005F1298 /* Base */,
			);
			name = LaunchScreen.xib;
			sourceTree = "<group>";
		};
/* End PBXVariantGroup section */

/* Begin XCBuildConfiguration section */
		DB110EDF1B8F19DF005F1298 /* Debug */ = {
			isa = XCBuildConfiguration;
			buildSettings = {
				ALWAYS_SEARCH_USER_PATHS = NO;
				CLANG_CXX_LANGUAGE_STANDARD = "gnu++0x";
				CLANG_CXX_LIBRARY = "libc++";
				CLANG_ENABLE_MODULES = YES;
				CLANG_ENABLE_OBJC_ARC = YES;
				CLANG_WARN_BOOL_CONVERSION = YES;
				CLANG_WARN_CONSTANT_CONVERSION = YES;
				CLANG_WARN_DIRECT_OBJC_ISA_USAGE = YES_ERROR;
				CLANG_WARN_EMPTY_BODY = YES;
				CLANG_WARN_ENUM_CONVERSION = YES;
				CLANG_WARN_INT_CONVERSION = YES;
				CLANG_WARN_OBJC_ROOT_CLASS = YES_ERROR;
				CLANG_WARN_UNREACHABLE_CODE = YES;
				CLANG_WARN__DUPLICATE_METHOD_MATCH = YES;
				"CODE_SIGN_IDENTITY[sdk=iphoneos*]" = "iPhone Developer";
				COPY_PHASE_STRIP = NO;
				DEBUG_INFORMATION_FORMAT = "dwarf-with-dsym";
				ENABLE_STRICT_OBJC_MSGSEND = YES;
				GCC_C_LANGUAGE_STANDARD = gnu99;
				GCC_DYNAMIC_NO_PIC = NO;
				GCC_NO_COMMON_BLOCKS = YES;
				GCC_OPTIMIZATION_LEVEL = 0;
				GCC_PREPROCESSOR_DEFINITIONS = (
					"DEBUG=1",
					"$(inherited)",
				);
				GCC_SYMBOLS_PRIVATE_EXTERN = NO;
				GCC_WARN_64_TO_32_BIT_CONVERSION = YES;
				GCC_WARN_ABOUT_RETURN_TYPE = YES_ERROR;
				GCC_WARN_UNDECLARED_SELECTOR = YES;
				GCC_WARN_UNINITIALIZED_AUTOS = YES_AGGRESSIVE;
				GCC_WARN_UNUSED_FUNCTION = YES;
				GCC_WARN_UNUSED_VARIABLE = YES;
				IPHONEOS_DEPLOYMENT_TARGET = 8.4;
				MTL_ENABLE_DEBUG_INFO = YES;
				ONLY_ACTIVE_ARCH = YES;
				SDKROOT = iphoneos;
				TARGETED_DEVICE_FAMILY = "1,2";
			};
			name = Debug;
		};
		DB110EE01B8F19DF005F1298 /* Release */ = {
			isa = XCBuildConfiguration;
			buildSettings = {
				ALWAYS_SEARCH_USER_PATHS = NO;
				CLANG_CXX_LANGUAGE_STANDARD = "gnu++0x";
				CLANG_CXX_LIBRARY = "libc++";
				CLANG_ENABLE_MODULES = YES;
				CLANG_ENABLE_OBJC_ARC = YES;
				CLANG_WARN_BOOL_CONVERSION = YES;
				CLANG_WARN_CONSTANT_CONVERSION = YES;
				CLANG_WARN_DIRECT_OBJC_ISA_USAGE = YES_ERROR;
				CLANG_WARN_EMPTY_BODY = YES;
				CLANG_WARN_ENUM_CONVERSION = YES;
				CLANG_WARN_INT_CONVERSION = YES;
				CLANG_WARN_OBJC_ROOT_CLASS = YES_ERROR;
				CLANG_WARN_UNREACHABLE_CODE = YES;
				CLANG_WARN__DUPLICATE_METHOD_MATCH = YES;
				"CODE_SIGN_IDENTITY[sdk=iphoneos*]" = "iPhone Developer";
				COPY_PHASE_STRIP = NO;
				DEBUG_INFORMATION_FORMAT = "dwarf-with-dsym";
				ENABLE_NS_ASSERTIONS = NO;
				ENABLE_STRICT_OBJC_MSGSEND = YES;
				GCC_C_LANGUAGE_STANDARD = gnu99;
				GCC_NO_COMMON_BLOCKS = YES;
				GCC_WARN_64_TO_32_BIT_CONVERSION = YES;
				GCC_WARN_ABOUT_RETURN_TYPE = YES_ERROR;
				GCC_WARN_UNDECLARED_SELECTOR = YES;
				GCC_WARN_UNINITIALIZED_AUTOS = YES_AGGRESSIVE;
				GCC_WARN_UNUSED_FUNCTION = YES;
				GCC_WARN_UNUSED_VARIABLE = YES;
				IPHONEOS_DEPLOYMENT_TARGET = 8.4;
				MTL_ENABLE_DEBUG_INFO = NO;
				SDKROOT = iphoneos;
				TARGETED_DEVICE_FAMILY = "1,2";
				VALIDATE_PRODUCT = YES;
			};
			name = Release;
		};
		DB110EE21B8F19DF005F1298 /* Debug */ = {
			isa = XCBuildConfiguration;
			buildSettings = {
				ASSETCATALOG_COMPILER_APPICON_NAME = AppIcon;
				ASSETCATALOG_COMPILER_LAUNCHIMAGE_NAME = LaunchImage;
				CODE_SIGN_IDENTITY = "iPhone Developer";
				INFOPLIST_FILE = Kadjar/Info.plist;
				LD_RUNPATH_SEARCH_PATHS = "$(inherited) @executable_path/Frameworks";
				PRODUCT_NAME = "$(TARGET_NAME)";
				TARGETED_DEVICE_FAMILY = "1,2";
			};
			name = Debug;
		};
		DB110EE31B8F19DF005F1298 /* Release */ = {
			isa = XCBuildConfiguration;
			buildSettings = {
				ASSETCATALOG_COMPILER_APPICON_NAME = AppIcon;
				ASSETCATALOG_COMPILER_LAUNCHIMAGE_NAME = LaunchImage;
				CODE_SIGN_IDENTITY = "iPhone Developer";
				INFOPLIST_FILE = Kadjar/Info.plist;
				LD_RUNPATH_SEARCH_PATHS = "$(inherited) @executable_path/Frameworks";
				PRODUCT_NAME = "$(TARGET_NAME)";
				TARGETED_DEVICE_FAMILY = "1,2";
			};
			name = Release;
		};
		DB110EE51B8F19DF005F1298 /* Debug */ = {
			isa = XCBuildConfiguration;
			buildSettings = {
				BUNDLE_LOADER = "$(TEST_HOST)";
				FRAMEWORK_SEARCH_PATHS = (
					"$(SDKROOT)/Developer/Library/Frameworks",
					"$(inherited)",
				);
				GCC_PREPROCESSOR_DEFINITIONS = (
					"DEBUG=1",
					"$(inherited)",
				);
				INFOPLIST_FILE = KadjarTests/Info.plist;
				LD_RUNPATH_SEARCH_PATHS = "$(inherited) @executable_path/Frameworks @loader_path/Frameworks";
				PRODUCT_NAME = "$(TARGET_NAME)";
				TEST_HOST = "$(BUILT_PRODUCTS_DIR)/Kadjar.app/Kadjar";
			};
			name = Debug;
		};
		DB110EE61B8F19DF005F1298 /* Release */ = {
			isa = XCBuildConfiguration;
			buildSettings = {
				BUNDLE_LOADER = "$(TEST_HOST)";
				FRAMEWORK_SEARCH_PATHS = (
					"$(SDKROOT)/Developer/Library/Frameworks",
					"$(inherited)",
				);
				INFOPLIST_FILE = KadjarTests/Info.plist;
				LD_RUNPATH_SEARCH_PATHS = "$(inherited) @executable_path/Frameworks @loader_path/Frameworks";
				PRODUCT_NAME = "$(TARGET_NAME)";
				TEST_HOST = "$(BUILT_PRODUCTS_DIR)/Kadjar.app/Kadjar";
			};
			name = Release;
		};
/* End XCBuildConfiguration section */

/* Begin XCConfigurationList section */
		DB110EB91B8F19DE005F1298 /* Build configuration list for PBXProject "Kadjar" */ = {
			isa = XCConfigurationList;
			buildConfigurations = (
				DB110EDF1B8F19DF005F1298 /* Debug */,
				DB110EE01B8F19DF005F1298 /* Release */,
			);
			defaultConfigurationIsVisible = 0;
			defaultConfigurationName = Release;
		};
		DB110EE11B8F19DF005F1298 /* Build configuration list for PBXNativeTarget "Kadjar" */ = {
			isa = XCConfigurationList;
			buildConfigurations = (
				DB110EE21B8F19DF005F1298 /* Debug */,
				DB110EE31B8F19DF005F1298 /* Release */,
			);
			defaultConfigurationIsVisible = 0;
			defaultConfigurationName = Release;
		};
		DB110EE41B8F19DF005F1298 /* Build configuration list for PBXNativeTarget "KadjarTests" */ = {
			isa = XCConfigurationList;
			buildConfigurations = (
				DB110EE51B8F19DF005F1298 /* Debug */,
				DB110EE61B8F19DF005F1298 /* Release */,
			);
			defaultConfigurationIsVisible = 0;
			defaultConfigurationName = Release;
		};
/* End XCConfigurationList section */
	};
	rootObject = DB110EB61B8F19DE005F1298 /* Project object */;
}
